
Microsoft Visual Studio Solution File, Format Version 12.00
# Visual Studio Version 17
VisualStudioVersion = 17.5.33516.290
MinimumVisualStudioVersion = 10.0.40219.1
Project("{8BC9CEB8-8B4A-11D0-8D11-00A0C91BC942}") = "Project3", "Project3\Project3.vcxproj", "{DCE7D63E-3633-410D-977E-70ABDF259961}"
EndProject
Global
	GlobalSection(SolutionConfigurationPlatforms) = preSolution
		Debug|x64 = Debug|x64
		Debug|x86 = Debug|x86
		Release|x64 = Release|x64
		Release|x86 = Release|x86
	EndGlobalSection
	GlobalSection(ProjectConfigurationPlatforms) = postSolution
		{DCE7D63E-3633-410D-977E-70ABDF259961}.Debug|x64.ActiveCfg = Debug|x64
		{DCE7D63E-3633-410D-977E-70ABDF259961}.Debug|x64.Build.0 = Debug|x64
		{DCE7D63E-3633-410D-977E-70ABDF259961}.Debug|x86.ActiveCfg = Debug|Win32
		{DCE7D63E-3633-410D-977E-70ABDF259961}.Debug|x86.Build.0 = Debug|Win32
		{DCE7D63E-3633-410D-977E-70ABDF259961}.Release|x64.ActiveCfg = Release|x64
		{DCE7D63E-3633-410D-977E-70ABDF259961}.Release|x64.Build.0 = Release|x64
		{DCE7D63E-3633-410D-977E-70ABDF259961}.Release|x86.ActiveCfg = Release|Win32
		{DCE7D63E-3633-410D-977E-70ABDF259961}.Release|x86.Build.0 = Release|Win32
	EndGlobalSection
	GlobalSection(SolutionProperties) = preSolution
		HideSolutionNode = FALSE
	EndGlobalSection
	GlobalSection(ExtensibilityGlobals) = postSolution
		SolutionGuid = {5B8FBF11-5E0D-4E84-9143-3286125D6D05}
	EndGlobalSection
EndGlobal
