
Microsoft Visual Studio Solution File, Format Version 12.00
# Visual Studio Version 17
VisualStudioVersion = 17.5.33516.290
MinimumVisualStudioVersion = 10.0.40219.1
Project("{8BC9CEB8-8B4A-11D0-8D11-00A0C91BC942}") = "20230710-2", "20230710-2\20230710-2.vcxproj", "{0BFED9CE-248E-4C73-9F45-3798389D8093}"
EndProject
Global
	GlobalSection(SolutionConfigurationPlatforms) = preSolution
		Debug|x64 = Debug|x64
		Debug|x86 = Debug|x86
		Release|x64 = Release|x64
		Release|x86 = Release|x86
	EndGlobalSection
	GlobalSection(ProjectConfigurationPlatforms) = postSolution
		{0BFED9CE-248E-4C73-9F45-3798389D8093}.Debug|x64.ActiveCfg = Debug|x64
		{0BFED9CE-248E-4C73-9F45-3798389D8093}.Debug|x64.Build.0 = Debug|x64
		{0BFED9CE-248E-4C73-9F45-3798389D8093}.Debug|x86.ActiveCfg = Debug|Win32
		{0BFED9CE-248E-4C73-9F45-3798389D8093}.Debug|x86.Build.0 = Debug|Win32
		{0BFED9CE-248E-4C73-9F45-3798389D8093}.Release|x64.ActiveCfg = Release|x64
		{0BFED9CE-248E-4C73-9F45-3798389D8093}.Release|x64.Build.0 = Release|x64
		{0BFED9CE-248E-4C73-9F45-3798389D8093}.Release|x86.ActiveCfg = Release|Win32
		{0BFED9CE-248E-4C73-9F45-3798389D8093}.Release|x86.Build.0 = Release|Win32
	EndGlobalSection
	GlobalSection(SolutionProperties) = preSolution
		HideSolutionNode = FALSE
	EndGlobalSection
	GlobalSection(ExtensibilityGlobals) = postSolution
		SolutionGuid = {BA84260D-3ACC-4943-9D0B-E1E3D2E31DBE}
	EndGlobalSection
EndGlobal
